
Microsoft Visual Studio Solution File, Format Version 12.00
# Visual Studio Version 17
VisualStudioVersion = 17.5.33516.290
MinimumVisualStudioVersion = 10.0.40219.1
Project("{9A19103F-16F7-4668-BE54-9A1E7A4F7556}") = "GolfService", "Golf_Service\GolfService.csproj", "{68407B5C-739F-4F2C-8562-C69D7C97B433}"
EndProject
Project("{00D1A9C2-B5F0-4AF3-8072-F6C62B433612}") = "Golf_Project_DB", "Golf_Project_DB\Golf_Project_DB.sqlproj", "{F1F5B5C1-1629-41A5-99F8-BF18CC7400FB}"
EndProject
Global
	GlobalSection(SolutionConfigurationPlatforms) = preSolution
		Debug|Any CPU = Debug|Any CPU
		Release|Any CPU = Release|Any CPU
	EndGlobalSection
	GlobalSection(ProjectConfigurationPlatforms) = postSolution
		{68407B5C-739F-4F2C-8562-C69D7C97B433}.Debug|Any CPU.ActiveCfg = Debug|Any CPU
		{68407B5C-739F-4F2C-8562-C69D7C97B433}.Debug|Any CPU.Build.0 = Debug|Any CPU
		{68407B5C-739F-4F2C-8562-C69D7C97B433}.Release|Any CPU.ActiveCfg = Release|Any CPU
		{68407B5C-739F-4F2C-8562-C69D7C97B433}.Release|Any CPU.Build.0 = Release|Any CPU
		{F1F5B5C1-1629-41A5-99F8-BF18CC7400FB}.Debug|Any CPU.ActiveCfg = Debug|Any CPU
		{F1F5B5C1-1629-41A5-99F8-BF18CC7400FB}.Debug|Any CPU.Build.0 = Debug|Any CPU
		{F1F5B5C1-1629-41A5-99F8-BF18CC7400FB}.Debug|Any CPU.Deploy.0 = Debug|Any CPU
		{F1F5B5C1-1629-41A5-99F8-BF18CC7400FB}.Release|Any CPU.ActiveCfg = Release|Any CPU
		{F1F5B5C1-1629-41A5-99F8-BF18CC7400FB}.Release|Any CPU.Build.0 = Release|Any CPU
		{F1F5B5C1-1629-41A5-99F8-BF18CC7400FB}.Release|Any CPU.Deploy.0 = Release|Any CPU
	EndGlobalSection
	GlobalSection(SolutionProperties) = preSolution
		HideSolutionNode = FALSE
	EndGlobalSection
	GlobalSection(ExtensibilityGlobals) = postSolution
		SolutionGuid = {9CB7888B-A288-4628-ACE0-8799896AC4AF}
	EndGlobalSection
EndGlobal
