
Microsoft Visual Studio Solution File, Format Version 12.00
# Visual Studio Version 16
VisualStudioVersion = 16.0.810.2
MinimumVisualStudioVersion = 10.0.40219.1
Project("{FAE04EC0-301F-11D3-BF4B-00C04F79EFBC}") = "Golf_Service", "Golf_Service\Golf_Service.csproj", "{68407B5C-739F-4F2C-8562-C69D7C97B433}"
EndProject
Global
	GlobalSection(SolutionConfigurationPlatforms) = preSolution
		Debug|Any CPU = Debug|Any CPU
		Release|Any CPU = Release|Any CPU
	EndGlobalSection
	GlobalSection(ProjectConfigurationPlatforms) = postSolution
		{68407B5C-739F-4F2C-8562-C69D7C97B433}.Debug|Any CPU.ActiveCfg = Debug|Any CPU
		{68407B5C-739F-4F2C-8562-C69D7C97B433}.Debug|Any CPU.Build.0 = Debug|Any CPU
		{68407B5C-739F-4F2C-8562-C69D7C97B433}.Release|Any CPU.ActiveCfg = Release|Any CPU
		{68407B5C-739F-4F2C-8562-C69D7C97B433}.Release|Any CPU.Build.0 = Release|Any CPU
	EndGlobalSection
	GlobalSection(SolutionProperties) = preSolution
		HideSolutionNode = FALSE
	EndGlobalSection
	GlobalSection(ExtensibilityGlobals) = postSolution
		SolutionGuid = {9CB7888B-A288-4628-ACE0-8799896AC4AF}
	EndGlobalSection
EndGlobal
